
Microsoft Visual Studio Solution File, Format Version 12.00
# Visual Studio Version 17
VisualStudioVersion = 17.6.33815.320
MinimumVisualStudioVersion = 10.0.40219.1
Project("{9A19103F-16F7-4668-BE54-9A1E7A4F7556}") = "Dal", "Dal\Dal.csproj", "{E60245DD-7AC0-4D17-9748-5D659C9D795E}"
EndProject
Project("{9A19103F-16F7-4668-BE54-9A1E7A4F7556}") = "BLL", "BLL\BLL.csproj", "{DCD74DC8-0EE1-47E0-A36E-AB97756C12CF}"
EndProject
Project("{9A19103F-16F7-4668-BE54-9A1E7A4F7556}") = "PL", "PL\PL.csproj", "{F3CC9157-4A42-478A-805E-7ECA2B9B32FD}"
EndProject
Project("{9A19103F-16F7-4668-BE54-9A1E7A4F7556}") = "PL Gui_Ui (2)", "PL Gui_Ui (2)\PL Gui_Ui (2).csproj", "{5A513667-740F-497F-B668-46EFBE62E471}"
EndProject
Project("{FAE04EC0-301F-11D3-BF4B-00C04F79EFBC}") = "Enteties_Dto", "Enteties_Dto\Enteties_Dto.csproj", "{4FFB2DC1-E3FB-4905-B83A-98A2D7627AD2}"
EndProject
Global
	GlobalSection(SolutionConfigurationPlatforms) = preSolution
		Debug|Any CPU = Debug|Any CPU
		Release|Any CPU = Release|Any CPU
	EndGlobalSection
	GlobalSection(ProjectConfigurationPlatforms) = postSolution
		{E60245DD-7AC0-4D17-9748-5D659C9D795E}.Debug|Any CPU.ActiveCfg = Debug|Any CPU
		{E60245DD-7AC0-4D17-9748-5D659C9D795E}.Debug|Any CPU.Build.0 = Debug|Any CPU
		{E60245DD-7AC0-4D17-9748-5D659C9D795E}.Release|Any CPU.ActiveCfg = Release|Any CPU
		{E60245DD-7AC0-4D17-9748-5D659C9D795E}.Release|Any CPU.Build.0 = Release|Any CPU
		{DCD74DC8-0EE1-47E0-A36E-AB97756C12CF}.Debug|Any CPU.ActiveCfg = Debug|Any CPU
		{DCD74DC8-0EE1-47E0-A36E-AB97756C12CF}.Debug|Any CPU.Build.0 = Debug|Any CPU
		{DCD74DC8-0EE1-47E0-A36E-AB97756C12CF}.Release|Any CPU.ActiveCfg = Release|Any CPU
		{DCD74DC8-0EE1-47E0-A36E-AB97756C12CF}.Release|Any CPU.Build.0 = Release|Any CPU
		{F3CC9157-4A42-478A-805E-7ECA2B9B32FD}.Debug|Any CPU.ActiveCfg = Debug|Any CPU
		{F3CC9157-4A42-478A-805E-7ECA2B9B32FD}.Debug|Any CPU.Build.0 = Debug|Any CPU
		{F3CC9157-4A42-478A-805E-7ECA2B9B32FD}.Release|Any CPU.ActiveCfg = Release|Any CPU
		{F3CC9157-4A42-478A-805E-7ECA2B9B32FD}.Release|Any CPU.Build.0 = Release|Any CPU
		{5A513667-740F-497F-B668-46EFBE62E471}.Debug|Any CPU.ActiveCfg = Debug|Any CPU
		{5A513667-740F-497F-B668-46EFBE62E471}.Debug|Any CPU.Build.0 = Debug|Any CPU
		{5A513667-740F-497F-B668-46EFBE62E471}.Release|Any CPU.ActiveCfg = Release|Any CPU
		{5A513667-740F-497F-B668-46EFBE62E471}.Release|Any CPU.Build.0 = Release|Any CPU
		{4FFB2DC1-E3FB-4905-B83A-98A2D7627AD2}.Debug|Any CPU.ActiveCfg = Debug|Any CPU
		{4FFB2DC1-E3FB-4905-B83A-98A2D7627AD2}.Debug|Any CPU.Build.0 = Debug|Any CPU
		{4FFB2DC1-E3FB-4905-B83A-98A2D7627AD2}.Release|Any CPU.ActiveCfg = Release|Any CPU
		{4FFB2DC1-E3FB-4905-B83A-98A2D7627AD2}.Release|Any CPU.Build.0 = Release|Any CPU
	EndGlobalSection
	GlobalSection(SolutionProperties) = preSolution
		HideSolutionNode = FALSE
	EndGlobalSection
	GlobalSection(ExtensibilityGlobals) = postSolution
		SolutionGuid = {29015A8E-4AAE-45A6-9431-F3CE526A01E3}
	EndGlobalSection
EndGlobal
